{
  "name": "@souvik97381/medium-common",
  "version": "1.0.0",
  "lockfileVersion": 3,
  "requires": true,
  "packages": {
    "": {
      "name": "@souvik97381/medium-common",
      "version": "1.0.0",
      "license": "ISC",
      "dependencies": {
        "@souvik97381/medium-common": "^1.0.0",
        "zod": "^3.23.8"
      }
    },
    "node_modules/@souvik97381/medium-common": {
      "version": "1.0.0",
      "resolved": "https://registry.npmjs.org/@souvik97381/medium-common/-/medium-common-1.0.0.tgz",
      "integrity": "sha512-GhAMzqZlnTufoOkX6cn5HjoQdW6oOmWEf34/G3aXb6FnT5SK9qUGLdr/dzaCmkVO4m8YS7HjhgMWiXi5FYV4MA==",
      "dependencies": {
        "zod": "^3.23.8"
      }
    },
    "node_modules/zod": {
      "version": "3.23.8",
      "resolved": "https://registry.npmjs.org/zod/-/zod-3.23.8.tgz",
      "integrity": "sha512-XBx9AXhXktjUqnepgTiE5flcKIYWi/rme0Eaj+5Y0lftuGBq+jyRu/md4WnuxqgP1ubdpNCsYEYPxrzVHD8d6g==",
      "funding": {
        "url": "https://github.com/sponsors/colinhacks"
      }
    }
  }
}
